<?xml version="1.0" encoding="utf-8"?>
<Project ToolsVersion="4.0" xmlns="http://schemas.microsoft.com/developer/msbuild/2003">
  <ItemGroup>
    <ClCompile Include="src\Component\BossLeapAttackComponent.cpp">
      <Filter>src\Component</Filter>
    </ClCompile>
    <ClCompile Include="src\Character\Enemy\LeapBoss\LeapBoss.cpp">
      <Filter>src\Character\Enemy\LeapBoss</Filter>
    </ClCompile>
    <ClCompile Include="src\Component\JumpComponent.cpp">
      <Filter>src\Component</Filter>
    </ClCompile>
    <ClCompile Include="src\Component\AssaultAttackComponent.cpp">
      <Filter>src\Component</Filter>
    </ClCompile>
    <ClCompile Include="src\Component\DashAttackComponent.cpp">
      <Filter>src\Component</Filter>
    </ClCompile>
    <ClCompile Include="src\Component\LeapAttackComponent.cpp">
      <Filter>src\Component</Filter>
    </ClCompile>
    <ClCompile Include="src\Component\RamAttackComponent.cpp">
      <Filter>src\Component</Filter>
    </ClCompile>
    <ClCompile Include="src\Component\EnemyMoveComponent.cpp">
      <Filter>src\Component</Filter>
    </ClCompile>
    <ClCompile Include="src\Character\Enemy\AssaultEnemy\AssaultEnemy.cpp">
      <Filter>src\Character\Enemy\AssaultEnemy</Filter>
    </ClCompile>
    <ClCompile Include="src\Character\Enemy\DashEnemy\DashEnemy.cpp">
      <Filter>src\Character\Enemy\DashEnemy</Filter>
    </ClCompile>
    <ClCompile Include="src\Character\Enemy\NormalEnemy\NormalEnemy.cpp">
      <Filter>src\Character\Enemy\NormalEnemy</Filter>
    </ClCompile>
    <ClCompile Include="src\Character\Enemy\EnemyManager.cpp">
      <Filter>src\Character\Enemy</Filter>
    </ClCompile>
    <ClCompile Include="src\Character\Enemy\TankEnemy\TankEnemy.cpp">
      <Filter>src\Character\Enemy\TankEnemy</Filter>
    </ClCompile>
    <ClCompile Include="src\Character\Enemy\TestEnemy\TestEnemy.cpp">
      <Filter>src\Character\Enemy\TestEnemy</Filter>
    </ClCompile>
    <ClCompile Include="src\debug\DebugEntry.cpp">
      <Filter>src\debug</Filter>
    </ClCompile>
    <ClCompile Include="src\debug\DebugEntryManager.cpp">
      <Filter>src\debug</Filter>
    </ClCompile>
    <ClCompile Include="src\debug\DebugMeasure.cpp">
      <Filter>src\debug</Filter>
    </ClCompile>
    <ClCompile Include="src\entity\WarpHole.cpp">
      <Filter>src\entity</Filter>
    </ClCompile>
    <ClCompile Include="src\font\FontLayout.cpp">
      <Filter>src\font</Filter>
    </ClCompile>
    <ClCompile Include="src\font\NumericView.cpp">
      <Filter>src\font</Filter>
    </ClCompile>
    <ClCompile Include="src\framework\SentanWars.cpp">
      <Filter>src\framework</Filter>
    </ClCompile>
    <ClCompile Include="src\Character\Player\Player.cpp">
      <Filter>src\Character\Player</Filter>
    </ClCompile>
    <ClCompile Include="src\Character\Player\Sentan\Sentan.cpp">
      <Filter>src\Character\Player\Sentan</Filter>
    </ClCompile>
    <ClCompile Include="src\Character\Player\Sentan\Fork.cpp">
      <Filter>src\Character\Player\Sentan</Filter>
    </ClCompile>
    <ClCompile Include="src\Character\Player\Sentan\SentanDefinition.cpp">
      <Filter>src\Character\Player\Sentan</Filter>
    </ClCompile>
    <ClCompile Include="src\Component\MoveComponent.cpp">
      <Filter>src\Component</Filter>
    </ClCompile>
    <ClCompile Include="src\Component\BodyColliderComponent.cpp">
      <Filter>src\Component</Filter>
    </ClCompile>
    <ClCompile Include="src\Component\HealthComponent.cpp">
      <Filter>src\Component</Filter>
    </ClCompile>
    <ClCompile Include="src\Component\WeaponComponent.cpp">
      <Filter>src\Component</Filter>
    </ClCompile>
    <ClCompile Include="src\Component\DoubleJumpComponent.cpp">
      <Filter>src\Component</Filter>
    </ClCompile>
    <ClCompile Include="src\Component\Attack\DrillRushAttack.cpp">
      <Filter>src\Component\Attack</Filter>
    </ClCompile>
    <ClCompile Include="src\Component\Attack\ComboAttack.cpp">
      <Filter>src\Component\Attack</Filter>
    </ClCompile>
    <ClCompile Include="src\Component\Attack\SlashFlurryAttack.cpp">
      <Filter>src\Component\Attack</Filter>
    </ClCompile>
    <ClCompile Include="src\Component\Attack\SpinAttack.cpp">
      <Filter>src\Component\Attack</Filter>
    </ClCompile>
    <ClCompile Include="src\Component\Attack\NormalAttack.cpp">
      <Filter>src\Component\Attack</Filter>
    </ClCompile>
    <ClCompile Include="src\Character\Enemy\BaseEnemy.cpp">
      <Filter>src\Character\Enemy</Filter>
    </ClCompile>
    <ClCompile Include="src\logic\phase\PhaseDirector.cpp">
      <Filter>src\logic\phase</Filter>
    </ClCompile>
    <ClCompile Include="src\logic\phase\SetupPhase.cpp">
      <Filter>src\logic\phase</Filter>
    </ClCompile>
    <ClCompile Include="src\logic\wave\BossWave.cpp">
      <Filter>src\logic\wave</Filter>
    </ClCompile>
    <ClCompile Include="src\logic\wave\GeneralWave.cpp">
      <Filter>src\logic\wave</Filter>
    </ClCompile>
    <ClCompile Include="src\logic\wave\WaveDirector.cpp">
      <Filter>src\logic\wave</Filter>
    </ClCompile>
    <ClCompile Include="src\logic\ranking\RankingBoard.cpp">
      <Filter>src\logic\ranking</Filter>
    </ClCompile>
    <ClCompile Include="src\main.cpp" />
    <ClCompile Include="src\math\Color.cpp">
      <Filter>src\math</Filter>
    </ClCompile>
    <ClCompile Include="src\math\Mat3x3.cpp">
      <Filter>src\math</Filter>
    </ClCompile>
    <ClCompile Include="src\presentation\CameraInput.cpp">
      <Filter>src\presentation</Filter>
    </ClCompile>
    <ClCompile Include="src\presentation\FollowCamera.cpp">
      <Filter>src\presentation</Filter>
    </ClCompile>
    <ClCompile Include="src\presentation\ui\Bar2d.cpp">
      <Filter>src\presentation\ui</Filter>
    </ClCompile>
    <ClCompile Include="src\presentation\ui\BarMovable.cpp">
      <Filter>src\presentation\ui</Filter>
    </ClCompile>
    <ClCompile Include="src\presentation\ui\ClearTimeView.cpp">
      <Filter>src\presentation\ui</Filter>
    </ClCompile>
    <ClCompile Include="src\presentation\ui\HpHudView.cpp">
      <Filter>src\presentation\ui</Filter>
    </ClCompile>
    <ClCompile Include="src\presentation\ui\RankingView.cpp">
      <Filter>src\presentation\ui</Filter>
    </ClCompile>
    <ClCompile Include="src\presentation\ui\ResultFrame.cpp">
      <Filter>src\presentation\ui</Filter>
    </ClCompile>
    <ClCompile Include="src\presentation\ui\WaveCountHudView.cpp">
      <Filter>src\presentation\ui</Filter>
    </ClCompile>
    <ClCompile Include="src\scene\ClearScene.cpp">
      <Filter>src\scene</Filter>
    </ClCompile>
    <ClCompile Include="src\scene\GameScene.cpp">
      <Filter>src\scene</Filter>
    </ClCompile>
    <ClCompile Include="src\scene\TitleScene.cpp">
      <Filter>src\scene</Filter>
    </ClCompile>
    <ClCompile Include="src\system\EventListener.cpp">
      <Filter>src\system</Filter>
    </ClCompile>
    <ClCompile Include="src\system\EventSubscription.cpp">
      <Filter>src\system</Filter>
    </ClCompile>
    <ClCompile Include="src\utility\DeltaTimeStopWatch.cpp">
      <Filter>src\utility</Filter>
    </ClCompile>
    <ClCompile Include="src\utility\layout\FlexContainer.cpp">
      <Filter>src\utility\layout</Filter>
    </ClCompile>
    <ClCompile Include="src\utility\SpriteFrameGroup.cpp">
      <Filter>src\utility</Filter>
    </ClCompile>
    <ClCompile Include="src\utility\SpriteUnregisterer.cpp">
      <Filter>src\utility</Filter>
    </ClCompile>
    <ClCompile Include="src\utility\strutl.cpp">
      <Filter>src\utility</Filter>
    </ClCompile>
    <ClCompile Include="src\presentation\ui\RemainingEnemyCountHudView.h" />
    <ClCompile Include="src\presentation\ui\RemainingEnemyCountHudView.cpp" />
    <ClCompile Include="src\presentation\ui\components\SentanSelectCard.cpp" />
    <ClCompile Include="src\presentation\ui\components\SentanSelectInput.cpp" />
    <ClCompile Include="src\presentation\ui\SentanSelect.cpp" />
  </ItemGroup>
  <ItemGroup>
    <Filter Include="src">
      <UniqueIdentifier>{364c2752-119b-4ae6-9957-1d00e70254c9}</UniqueIdentifier>
    </Filter>
    <Filter Include="src\Character">
      <UniqueIdentifier>{09cea8ca-e766-478a-9f9e-b933874bc239}</UniqueIdentifier>
    </Filter>
    <Filter Include="src\common">
      <UniqueIdentifier>{06f010d0-bd57-4bb4-a798-e938dae368b0}</UniqueIdentifier>
    </Filter>
    <Filter Include="src\Component">
      <UniqueIdentifier>{b1dcb2ee-8871-41fe-af7e-f0de82628ee5}</UniqueIdentifier>
    </Filter>
    <Filter Include="src\debug">
      <UniqueIdentifier>{a5df47e7-433e-441b-abca-29770b5f9700}</UniqueIdentifier>
    </Filter>
    <Filter Include="src\entity">
      <UniqueIdentifier>{60d55373-7af6-48c3-b58a-f10fae0ec9dd}</UniqueIdentifier>
    </Filter>
    <Filter Include="src\events">
      <UniqueIdentifier>{f4570b23-84fd-42f0-8b21-990bab1569ef}</UniqueIdentifier>
    </Filter>
    <Filter Include="src\font">
      <UniqueIdentifier>{d25a4751-ae68-4f9d-8eeb-bd1b58689455}</UniqueIdentifier>
    </Filter>
    <Filter Include="src\framework">
      <UniqueIdentifier>{6f9a6d79-3551-4a8f-9505-64655047e5f8}</UniqueIdentifier>
    </Filter>
    <Filter Include="src\logic">
      <UniqueIdentifier>{54eba697-a1d0-4846-8ea0-c8690634c018}</UniqueIdentifier>
    </Filter>
    <Filter Include="src\math">
      <UniqueIdentifier>{3de5c25e-a860-4ce2-8f4a-1c3486c3e462}</UniqueIdentifier>
    </Filter>
    <Filter Include="src\presentation">
      <UniqueIdentifier>{869abdde-8b2f-4f6f-b00d-23077d875455}</UniqueIdentifier>
    </Filter>
    <Filter Include="src\scene">
      <UniqueIdentifier>{1a7b58a1-8a75-4479-b739-f1a5262a5a21}</UniqueIdentifier>
    </Filter>
    <Filter Include="src\system">
      <UniqueIdentifier>{43f1208a-0979-4e06-8d87-577b4987c1e1}</UniqueIdentifier>
    </Filter>
    <Filter Include="src\utility">
      <UniqueIdentifier>{568691e5-29dd-401a-9cbd-942cb3e1e7a6}</UniqueIdentifier>
    </Filter>
    <Filter Include="src\Character\Enemy">
      <UniqueIdentifier>{49b7e946-fa84-4bc4-a795-069a0f41c65a}</UniqueIdentifier>
    </Filter>
    <Filter Include="src\Character\Player">
      <UniqueIdentifier>{5021ed70-72e2-49ee-8cf1-0c900ba6474d}</UniqueIdentifier>
    </Filter>
    <Filter Include="src\Component\Attack">
      <UniqueIdentifier>{dc84c8d8-318e-4a50-9cf5-86d9bbb64fd7}</UniqueIdentifier>
    </Filter>
    <Filter Include="src\logic\phase">
      <UniqueIdentifier>{e57a8c0f-334b-4a83-9176-5d79dbe28514}</UniqueIdentifier>
    </Filter>
    <Filter Include="src\logic\ranking">
      <UniqueIdentifier>{9a5f1c3d-7b42-4e18-8c6a-2f0d9b4e7c11}</UniqueIdentifier>
    </Filter>
    <Filter Include="src\logic\wave">
      <UniqueIdentifier>{292f6df2-2e11-45e6-ad5a-91a777ad61c6}</UniqueIdentifier>
    </Filter>
    <Filter Include="src\presentation\ui">
      <UniqueIdentifier>{6ecd069e-525e-497e-a3a4-aa3d7ec99b6f}</UniqueIdentifier>
    </Filter>
    <Filter Include="src\utility\layout">
      <UniqueIdentifier>{4fb98663-eeb9-4b02-8f14-d0a178f5f334}</UniqueIdentifier>
    </Filter>
    <Filter Include="src\Character\Enemy\AssaultEnemy">
      <UniqueIdentifier>{09263433-1f03-40ab-a821-48432ed68adf}</UniqueIdentifier>
    </Filter>
    <Filter Include="src\Character\Enemy\DashEnemy">
      <UniqueIdentifier>{04dd2022-cb0b-4e9c-8022-4539db587f6a}</UniqueIdentifier>
    </Filter>
    <Filter Include="src\Character\Enemy\LeapBoss">
      <UniqueIdentifier>{249dce60-9368-411c-81b1-919e2e8aeddf}</UniqueIdentifier>
    </Filter>
    <Filter Include="src\Character\Enemy\NormalEnemy">
      <UniqueIdentifier>{ffef2281-3e5b-4807-8690-f3c2afa140c2}</UniqueIdentifier>
    </Filter>
    <Filter Include="src\Character\Enemy\TankEnemy">
      <UniqueIdentifier>{a41bddbd-d20a-4a5f-a572-e2526769a82f}</UniqueIdentifier>
    </Filter>
    <Filter Include="src\Character\Enemy\TestEnemy">
      <UniqueIdentifier>{83d9acb9-dd3d-44de-91e9-f27cd1a1ddcd}</UniqueIdentifier>
    </Filter>
    <Filter Include="src\Character\Player\Sentan">
      <UniqueIdentifier>{bc2b108f-4a4a-46f5-87f2-17827145131a}</UniqueIdentifier>
    </Filter>
  </ItemGroup>
  <ItemGroup>
    <ClInclude Include="src\common\ColliderTag.h">
      <Filter>src\common</Filter>
    </ClInclude>
    <ClInclude Include="src\Component\Attack\AttackInfo.h">
      <Filter>src\Component\Attack</Filter>
    </ClInclude>
    <ClInclude Include="src\Component\BossLeapAttackComponent.h">
      <Filter>src\Component</Filter>
    </ClInclude>
    <ClInclude Include="src\Character\Enemy\LeapBoss\LeapBoss.h">
      <Filter>src\Character\Enemy\LeapBoss</Filter>
    </ClInclude>
    <ClInclude Include="src\common\ResourcePath.h">
      <Filter>src\common</Filter>
    </ClInclude>
    <ClInclude Include="src\Component\JumpComponent.h">
      <Filter>src\Component</Filter>
    </ClInclude>
    <ClInclude Include="src\Component\AssaultAttackComponent.h">
      <Filter>src\Component</Filter>
    </ClInclude>
    <ClInclude Include="src\Component\DashAttackComponent.h">
      <Filter>src\Component</Filter>
    </ClInclude>
    <ClInclude Include="src\Component\LeapAttackComponent.h">
      <Filter>src\Component</Filter>
    </ClInclude>
    <ClInclude Include="src\Component\RamAttackComponent.h">
      <Filter>src\Component</Filter>
    </ClInclude>
    <ClInclude Include="src\Character\Enemy\EnemyParameterManager.h">
      <Filter>src\Character\Enemy</Filter>
    </ClInclude>
    <ClInclude Include="src\Component\EnemyMoveComponent.h">
      <Filter>src\Component</Filter>
    </ClInclude>
    <ClInclude Include="src\Character\Enemy\AssaultEnemy\AssaultEnemy.h">
      <Filter>src\Character\Enemy\AssaultEnemy</Filter>
    </ClInclude>
    <ClInclude Include="src\Character\Enemy\DashEnemy\DashEnemy.h">
      <Filter>src\Character\Enemy\DashEnemy</Filter>
    </ClInclude>
    <ClInclude Include="src\Character\Enemy\NormalEnemy\NormalEnemy.h">
      <Filter>src\Character\Enemy\NormalEnemy</Filter>
    </ClInclude>
    <ClInclude Include="src\Character\Enemy\EnemyManager.h">
      <Filter>src\Character\Enemy</Filter>
    </ClInclude>
    <ClInclude Include="src\Character\Enemy\TankEnemy\TankEnemy.h">
      <Filter>src\Character\Enemy\TankEnemy</Filter>
    </ClInclude>
    <ClInclude Include="src\Character\Enemy\TestEnemy\TestEnemy.h">
      <Filter>src\Character\Enemy\TestEnemy</Filter>
    </ClInclude>
    <ClInclude Include="src\debug\DebugEntry.h">
      <Filter>src\debug</Filter>
    </ClInclude>
    <ClInclude Include="src\debug\DebugEntryManager.h">
      <Filter>src\debug</Filter>
    </ClInclude>
    <ClInclude Include="src\debug\DebugMeasure.h">
      <Filter>src\debug</Filter>
    </ClInclude>
    <ClInclude Include="src\debug\GameParameter.h">
      <Filter>src\debug</Filter>
    </ClInclude>
    <ClInclude Include="src\entity\WarpHole.h">
      <Filter>src\entity</Filter>
    </ClInclude>
    <ClInclude Include="src\events\WaveEvent.h">
      <Filter>src\events</Filter>
    </ClInclude>
    <ClInclude Include="src\font\FontLayout.h">
      <Filter>src\font</Filter>
    </ClInclude>
    <ClInclude Include="src\font\NumericView.h">
      <Filter>src\font</Filter>
    </ClInclude>
    <ClInclude Include="src\framework\SentanWars.h">
      <Filter>src\framework</Filter>
    </ClInclude>
    <ClInclude Include="src\logic\phase\BattlePhase.h">
      <Filter>src\logic\phase</Filter>
    </ClInclude>
    <ClInclude Include="src\logic\phase\BossPhase.h">
      <Filter>src\logic\phase</Filter>
    </ClInclude>
    <ClInclude Include="src\logic\phase\IPhase.h">
      <Filter>src\logic\phase</Filter>
    </ClInclude>
    <ClInclude Include="src\logic\phase\PhaseTransitionPresenter.h">
      <Filter>src\logic\phase</Filter>
    </ClInclude>
    <ClInclude Include="src\logic\phase\PhaseDirector.h">
      <Filter>src\logic\phase</Filter>
    </ClInclude>
    <ClInclude Include="src\logic\phase\PhaseTransitionValidator.h">
      <Filter>src\logic\phase</Filter>
    </ClInclude>
    <ClInclude Include="src\logic\phase\PhaseType.h">
      <Filter>src\logic\phase</Filter>
    </ClInclude>
    <ClInclude Include="src\logic\phase\SetupPhase.h">
      <Filter>src\logic\phase</Filter>
    </ClInclude>
    <ClInclude Include="src\logic\wave\BossWave.h">
      <Filter>src\logic\wave</Filter>
    </ClInclude>
    <ClInclude Include="src\logic\wave\GeneralWave.h">
      <Filter>src\logic\wave</Filter>
    </ClInclude>
    <ClInclude Include="src\logic\wave\IWave.h">
      <Filter>src\logic\wave</Filter>
    </ClInclude>
    <ClInclude Include="src\logic\wave\WaveDirector.h">
      <Filter>src\logic\wave</Filter>
    </ClInclude>
    <ClInclude Include="src\logic\wave\WaveType.h">
      <Filter>src\logic\wave</Filter>
    </ClInclude>
    <ClInclude Include="src\logic\ranking\RankingBoard.h">
      <Filter>src\logic\ranking</Filter>
    </ClInclude>
    <ClInclude Include="src\math\Color.h">
      <Filter>src\math</Filter>
    </ClInclude>
    <ClInclude Include="src\math\Mat3x3.h">
      <Filter>src\math</Filter>
    </ClInclude>
    <ClInclude Include="src\presentation\CameraInput.h">
      <Filter>src\presentation</Filter>
    </ClInclude>
    <ClInclude Include="src\presentation\FollowCamera.h">
      <Filter>src\presentation</Filter>
    </ClInclude>
    <ClInclude Include="src\presentation\HudManager.h">
      <Filter>src\presentation</Filter>
    </ClInclude>
    <ClInclude Include="src\presentation\ui\Bar2d.h">
      <Filter>src\presentation\ui</Filter>
    </ClInclude>
    <ClInclude Include="src\presentation\ui\BarMovable.h">
      <Filter>src\presentation\ui</Filter>
    </ClInclude>
    <ClInclude Include="src\presentation\ui\ClearTimeView.h">
      <Filter>src\presentation\ui</Filter>
    </ClInclude>
    <ClInclude Include="src\presentation\ui\HpHudView.h">
      <Filter>src\presentation\ui</Filter>
    </ClInclude>
    <ClInclude Include="src\presentation\ui\IHudView.h">
      <Filter>src\presentation\ui</Filter>
    </ClInclude>
    <ClInclude Include="src\presentation\ui\RankingView.h">
      <Filter>src\presentation\ui</Filter>
    </ClInclude>
    <ClInclude Include="src\presentation\ui\ResultFrame.h">
      <Filter>src\presentation\ui</Filter>
    </ClInclude>
    <ClInclude Include="src\presentation\ui\WaveCountHudView.h">
      <Filter>src\presentation\ui</Filter>
    </ClInclude>
    <ClInclude Include="src\scene\ClearScene.h">
      <Filter>src\scene</Filter>
    </ClInclude>
    <ClInclude Include="src\scene\GameScene.h">
      <Filter>src\scene</Filter>
    </ClInclude>
    <ClInclude Include="src\scene\TitleScene.h">
      <Filter>src\scene</Filter>
    </ClInclude>
    <ClInclude Include="src\system\EventListener.h">
      <Filter>src\system</Filter>
    </ClInclude>
    <ClInclude Include="src\system\EventSubscription.h">
      <Filter>src\system</Filter>
    </ClInclude>
    <ClInclude Include="src\system\ScopedCursorHidden.h">
      <Filter>src\system</Filter>
    </ClInclude>
    <ClInclude Include="src\utility\DeltaTimeManager.h">
      <Filter>src\utility</Filter>
    </ClInclude>
    <ClInclude Include="src\utility\DeltaTimeStopWatch.h">
      <Filter>src\utility</Filter>
    </ClInclude>
    <ClInclude Include="src\utility\layout\FlexContainer.h">
      <Filter>src\utility\layout</Filter>
    </ClInclude>
    <ClInclude Include="src\utility\layout\FlexTypes.h">
      <Filter>src\utility\layout</Filter>
    </ClInclude>
    <ClInclude Include="src\utility\SpriteFrameGroup.h">
      <Filter>src\utility</Filter>
    </ClInclude>
    <ClInclude Include="src\utility\SpriteUnregisterer.h">
      <Filter>src\utility</Filter>
    </ClInclude>
    <ClInclude Include="src\utility\strutl.h">
      <Filter>src\utility</Filter>
    </ClInclude>
    <ClInclude Include="src\utility\ViewportUnits.hpp">
      <Filter>src\utility</Filter>
    </ClInclude>
    <ClInclude Include="src\utility\wndutl.h">
      <Filter>src\utility</Filter>
    </ClInclude>
    <ClInclude Include="src\Character\Player\Player.h">
      <Filter>src\Character\Player</Filter>
    </ClInclude>
    <ClInclude Include="src\Character\Player\Sentan\Sentan.h">
      <Filter>src\Character\Player\Sentan</Filter>
    </ClInclude>
    <ClInclude Include="src\Character\Player\Sentan\SentanDefinition.h">
      <Filter>src\Character\Player\Sentan</Filter>
    </ClInclude>
    <ClInclude Include="src\Character\Player\Sentan\Fork.h">
      <Filter>src\Character\Player\Sentan</Filter>
    </ClInclude>
    <ClInclude Include="src\Component\Component.h">
      <Filter>src\Component</Filter>
    </ClInclude>
    <ClInclude Include="src\Component\ComponentContainer.h">
      <Filter>src\Component</Filter>
    </ClInclude>
    <ClInclude Include="src\Component\AttributeComponent.h">
      <Filter>src\Component</Filter>
    </ClInclude>
    <ClInclude Include="src\Component\MoveComponent.h">
      <Filter>src\Component</Filter>
    </ClInclude>
    <ClInclude Include="src\Component\BodyColliderComponent.h">
      <Filter>src\Component</Filter>
    </ClInclude>
    <ClInclude Include="src\Component\HealthComponent.h">
      <Filter>src\Component</Filter>
    </ClInclude>
    <ClInclude Include="src\Component\WeaponComponent.h">
      <Filter>src\Component</Filter>
    </ClInclude>
    <ClInclude Include="src\Component\DoubleJumpComponent.h">
      <Filter>src\Component</Filter>
    </ClInclude>
    <ClInclude Include="src\Component\Attack\DrillRushAttack.h">
      <Filter>src\Component\Attack</Filter>
    </ClInclude>
    <ClInclude Include="src\Component\Attack\ComboAttack.h">
      <Filter>src\Component\Attack</Filter>
    </ClInclude>
    <ClInclude Include="src\Component\Attack\SlashFlurryAttack.h">
      <Filter>src\Component\Attack</Filter>
    </ClInclude>
    <ClInclude Include="src\Component\Attack\SpinAttack.h">
      <Filter>src\Component\Attack</Filter>
    </ClInclude>
    <ClInclude Include="src\Character\Player\Sentan\SentanContext.h">
      <Filter>src\Character\Player\Sentan</Filter>
    </ClInclude>
    <ClInclude Include="src\Component\Attack\AttackStateComponent.h">
      <Filter>src\Component\Attack</Filter>
    </ClInclude>
    <ClInclude Include="src\Component\Attack\NormalAttack.h">
      <Filter>src\Component\Attack</Filter>
    </ClInclude>
    <ClInclude Include="src\Character\Enemy\BaseEnemy.h">
      <Filter>src\Character\Enemy</Filter>
    </ClInclude>
    <ClInclude Include="src\utility\vecutl.h" />
    <ClInclude Include="src\presentation\ui\SentanSelect.h" />
    <ClInclude Include="src\presentation\ui\components\SentanSelectCard.h" />
    <ClInclude Include="src\presentation\ui\components\SentanSelectInput.h" />
    <ClInclude Include="src\logic\SentanRandomPicker.h" />
    <ClInclude Include="src\logic\EquippedSentanCache.h" />
  </ItemGroup>
</Project>