<?xml version="1.0" encoding="utf-8"?>
<Project ToolsVersion="4.0" xmlns="http://schemas.microsoft.com/developer/msbuild/2003">
  <ItemGroup>
    <ClCompile Include="src\Component\JumpComponent.cpp" />
    <ClCompile Include="src\Component\AssaultAttackComponent.cpp" />
    <ClCompile Include="src\Component\DashAttackComponent.cpp" />
    <ClCompile Include="src\Component\LeapAttackComponent.cpp" />
    <ClCompile Include="src\Component\RamAttackComponent.cpp" />
    <ClCompile Include="src\Component\EnemyMoveComponent.cpp" />
    <ClCompile Include="src\Character\Enemy\AssaultEnemy\AssaultEnemy.cpp" />
    <ClCompile Include="src\Character\Enemy\DashEnemy\DashEnemy.cpp" />
    <ClCompile Include="src\Character\Enemy\NormalEnemy\NormalEnemy.cpp" />
    <ClCompile Include="src\Character\Enemy\EnemyManager.cpp" />
    <ClCompile Include="src\Character\Enemy\TankEnemy\TankEnemy.cpp" />
    <ClCompile Include="src\Character\Enemy\TestEnemy\TestEnemy.cpp" />
    <ClCompile Include="src\debug\DebugEntry.cpp" />
    <ClCompile Include="src\debug\DebugEntryManager.cpp" />
    <ClCompile Include="src\font\FontLayout.cpp" />
    <ClCompile Include="src\font\NumericView.cpp" />
    <ClCompile Include="src\framework\SentanWars.cpp" />
    <ClCompile Include="src\Character\Player\Player.cpp" />
    <ClCompile Include="src\Character\Player\Sentan\Sentan.cpp" />
    <ClCompile Include="src\Character\Player\Sentan\Fork.cpp" />
    <ClCompile Include="src\Character\Player\Sentan\SentanDefinition.cpp" />
    <ClCompile Include="src\Component\MoveComponent.cpp" />
    <ClCompile Include="src\Component\WeaponComponent.cpp" />
    <ClCompile Include="src\Component\DoubleJumpComponent.cpp" />
    <ClCompile Include="src\Component\Attack\NormalAttack.cpp" />
    <ClCompile Include="src\Character\Enemy\BaseEnemy.cpp" />
    <ClCompile Include="src\logic\phase\PhaseDirector.cpp" />
    <ClCompile Include="src\logic\wave\BossWave.cpp" />
    <ClCompile Include="src\logic\wave\GeneralWave.cpp" />
    <ClCompile Include="src\logic\wave\WaveDirector.cpp" />
    <ClCompile Include="src\main.cpp" />
    <ClCompile Include="src\math\Color.cpp" />
    <ClCompile Include="src\math\Mat3x3.cpp" />
    <ClCompile Include="src\presentation\CameraInput.cpp" />
    <ClCompile Include="src\presentation\FollowCamera.cpp" />
    <ClCompile Include="src\presentation\ui\Bar2d.cpp" />
    <ClCompile Include="src\presentation\ui\BarMovable.cpp" />
    <ClCompile Include="src\presentation\ui\HpHudView.cpp" />
    <ClCompile Include="src\presentation\ui\WaveCountHudView.cpp" />
    <ClCompile Include="src\scene\GameScene.cpp" />
    <ClCompile Include="src\scene\TitleScene.cpp" />
    <ClCompile Include="src\utility\DeltaTimeStopWatch.cpp" />
    <ClCompile Include="src\utility\layout\FlexContainer.cpp" />
    <ClCompile Include="src\utility\SpriteFrameGroup.cpp" />
    <ClCompile Include="src\utility\strutl.cpp" />
  </ItemGroup>
  <ItemGroup>
    <ClInclude Include="src\common\ResourcePath.h" />
    <ClInclude Include="src\Component\JumpComponent.h" />
    <ClInclude Include="src\Component\AssaultAttackComponent.h" />
    <ClInclude Include="src\Component\DashAttackComponent.h" />
    <ClInclude Include="src\Component\LeapAttackComponent.h" />
    <ClInclude Include="src\Component\RamAttackComponent.h" />
    <ClInclude Include="src\Character\Enemy\EnemyParameterManager.h" />
    <ClInclude Include="src\Component\EnemyMoveComponent.h" />
    <ClInclude Include="src\Character\Enemy\AssaultEnemy\AssaultEnemy.h" />
    <ClInclude Include="src\Character\Enemy\DashEnemy\DashEnemy.h" />
    <ClInclude Include="src\Character\Enemy\NormalEnemy\NormalEnemy.h" />
    <ClInclude Include="src\Character\Enemy\EnemyManager.h" />
    <ClInclude Include="src\Character\Enemy\TankEnemy\TankEnemy.h" />
    <ClInclude Include="src\Character\Enemy\TestEnemy\TestEnemy.h" />
    <ClInclude Include="src\debug\DebugEntry.h" />
    <ClInclude Include="src\debug\DebugEntryManager.h" />
    <ClInclude Include="src\debug\GameParameter.h" />
    <ClInclude Include="src\font\FontLayout.h" />
    <ClInclude Include="src\font\NumericView.h" />
    <ClInclude Include="src\framework\SentanWars.h" />
    <ClInclude Include="src\logic\phase\BattlePhase.h" />
    <ClInclude Include="src\logic\phase\BossPhase.h" />
    <ClInclude Include="src\logic\phase\IPhase.h" />
    <ClInclude Include="src\logic\phase\PhaseTransitionPresenter.h" />
    <ClInclude Include="src\logic\phase\PhaseDirector.h" />
    <ClInclude Include="src\logic\phase\PhaseTransitionValidator.h" />
    <ClInclude Include="src\logic\phase\PhaseType.h" />
    <ClInclude Include="src\logic\phase\SetupPhase.h" />
    <ClInclude Include="src\logic\wave\BossWave.h" />
    <ClInclude Include="src\logic\wave\GeneralWave.h" />
    <ClInclude Include="src\logic\wave\IWave.h" />
    <ClInclude Include="src\logic\wave\WaveDirector.h" />
    <ClInclude Include="src\logic\wave\WaveType.h" />
    <ClInclude Include="src\math\Color.h" />
    <ClInclude Include="src\math\Mat3x3.h" />
    <ClInclude Include="src\presentation\CameraInput.h" />
    <ClInclude Include="src\presentation\FollowCamera.h" />
    <ClInclude Include="src\presentation\HudManager.h" />
    <ClInclude Include="src\presentation\ui\Bar2d.h" />
    <ClInclude Include="src\presentation\ui\BarMovable.h" />
    <ClInclude Include="src\presentation\ui\HpHudView.h" />
    <ClInclude Include="src\presentation\ui\IHudView.h" />
    <ClInclude Include="src\presentation\ui\WaveCountHudView.h" />
    <ClInclude Include="src\scene\GameScene.h" />
    <ClInclude Include="src\scene\TitleScene.h" />
    <ClInclude Include="src\system\ScopedCursorHidden.h" />
    <ClInclude Include="src\utility\DeltaTimeManager.h" />
    <ClInclude Include="src\utility\DeltaTimeStopWatch.h" />
    <ClInclude Include="src\utility\layout\FlexContainer.h" />
    <ClInclude Include="src\utility\layout\FlexTypes.h" />
    <ClInclude Include="src\utility\SpriteFrameGroup.h" />
    <ClInclude Include="src\utility\strutl.h" />
    <ClInclude Include="src\utility\ViewportUnits.hpp" />
    <ClInclude Include="src\utility\wndutl.h" />
    <ClInclude Include="src\Character\Player\Player.h" />
    <ClInclude Include="src\Character\Player\Sentan\Sentan.h" />
    <ClInclude Include="src\Character\Player\Sentan\SentanDefinition.h" />
    <ClInclude Include="src\Character\Player\Sentan\Fork.h" />
    <ClInclude Include="src\Component\Component.h" />
    <ClInclude Include="src\Component\ComponentContainer.h" />
    <ClInclude Include="src\Component\AttributeComponent.h" />
    <ClInclude Include="src\Component\MoveComponent.h" />
    <ClInclude Include="src\Component\WeaponComponent.h" />
    <ClInclude Include="src\Component\DoubleJumpComponent.h" />
    <ClInclude Include="src\Character\Player\Sentan\SentanContext.h" />
    <ClInclude Include="src\Component\Attack\AttackStateComponent.h" />
    <ClInclude Include="src\Component\Attack\NormalAttack.h" />
    <ClInclude Include="src\Character\Enemy\BaseEnemy.h" />
  </ItemGroup>
</Project>